
Microsoft Visual Studio Solution File, Format Version 12.00
# Visual Studio 15
Project("{FAE04EC0-301F-11D3-BF4B-00C04F79EFBC}") = "PhotonUnityNetworking.Demos", "PhotonUnityNetworking.Demos.csproj", "{60199F9C-9523-7759-E81B-716355D1A790}"
EndProject
Project("{FAE04EC0-301F-11D3-BF4B-00C04F79EFBC}") = "PhotonUnityNetworking.Utilities", "PhotonUnityNetworking.Utilities.csproj", "{143A8A26-AA3F-DBD0-8DA5-BC8127141B8C}"
EndProject
Project("{FAE04EC0-301F-11D3-BF4B-00C04F79EFBC}") = "PhotonChat", "PhotonChat.csproj", "{35C49104-8E4B-23D0-3D9B-9575B495DF75}"
EndProject
Project("{FAE04EC0-301F-11D3-BF4B-00C04F79EFBC}") = "Assembly-CSharp", "Assembly-CSharp.csproj", "{41C875B9-CB88-B2BB-BD59-96DA8E61C473}"
EndProject
Project("{FAE04EC0-301F-11D3-BF4B-00C04F79EFBC}") = "PhotonUnityNetworking", "PhotonUnityNetworking.csproj", "{E809B5E9-9CAC-CB65-477D-2032599C671E}"
EndProject
Project("{FAE04EC0-301F-11D3-BF4B-00C04F79EFBC}") = "PhotonRealtime", "PhotonRealtime.csproj", "{575ECF98-2035-F659-89FD-D9354F1CBD1B}"
EndProject
Project("{FAE04EC0-301F-11D3-BF4B-00C04F79EFBC}") = "PhotonWebSocket", "PhotonWebSocket.csproj", "{90DC13CC-ED45-241C-D56F-50CE8744CFF2}"
EndProject
Project("{FAE04EC0-301F-11D3-BF4B-00C04F79EFBC}") = "PhotonUnityNetworking.Editor", "PhotonUnityNetworking.Editor.csproj", "{79C3FFA1-4804-EB10-6D50-09EF26421616}"
EndProject
Project("{FAE04EC0-301F-11D3-BF4B-00C04F79EFBC}") = "PunDemos.DemoHubEditor", "PunDemos.DemoHubEditor.csproj", "{53E42400-CB60-3400-0F4E-74272D184C51}"
EndProject
Project("{FAE04EC0-301F-11D3-BF4B-00C04F79EFBC}") = "PhotonUnityNetworking.Utilities.PhotonPlayer.Editor", "PhotonUnityNetworking.Utilities.PhotonPlayer.Editor.csproj", "{47BCC055-1E1B-6B53-A773-DE09B0AFC848}"
EndProject
Project("{FAE04EC0-301F-11D3-BF4B-00C04F79EFBC}") = "PhotonUnityNetworking.Utilities.Culling.Editor", "PhotonUnityNetworking.Utilities.Culling.Editor.csproj", "{F4030251-E327-5D84-D72E-5BA792813771}"
EndProject
Project("{FAE04EC0-301F-11D3-BF4B-00C04F79EFBC}") = "PunDemos.DemoSlotcarEditor", "PunDemos.DemoSlotcarEditor.csproj", "{0587CFD8-ED50-80C4-2524-2B852BC1E686}"
EndProject
Global
	GlobalSection(SolutionConfigurationPlatforms) = preSolution
		Debug|Any CPU = Debug|Any CPU
		Release|Any CPU = Release|Any CPU
	EndGlobalSection
	GlobalSection(ProjectConfigurationPlatforms) = postSolution
		{60199F9C-9523-7759-E81B-716355D1A790}.Debug|Any CPU.ActiveCfg = Debug|Any CPU
		{60199F9C-9523-7759-E81B-716355D1A790}.Debug|Any CPU.Build.0 = Debug|Any CPU
		{60199F9C-9523-7759-E81B-716355D1A790}.Release|Any CPU.ActiveCfg = Release|Any CPU
		{60199F9C-9523-7759-E81B-716355D1A790}.Release|Any CPU.Build.0 = Release|Any CPU
		{143A8A26-AA3F-DBD0-8DA5-BC8127141B8C}.Debug|Any CPU.ActiveCfg = Debug|Any CPU
		{143A8A26-AA3F-DBD0-8DA5-BC8127141B8C}.Debug|Any CPU.Build.0 = Debug|Any CPU
		{143A8A26-AA3F-DBD0-8DA5-BC8127141B8C}.Release|Any CPU.ActiveCfg = Release|Any CPU
		{143A8A26-AA3F-DBD0-8DA5-BC8127141B8C}.Release|Any CPU.Build.0 = Release|Any CPU
		{35C49104-8E4B-23D0-3D9B-9575B495DF75}.Debug|Any CPU.ActiveCfg = Debug|Any CPU
		{35C49104-8E4B-23D0-3D9B-9575B495DF75}.Debug|Any CPU.Build.0 = Debug|Any CPU
		{35C49104-8E4B-23D0-3D9B-9575B495DF75}.Release|Any CPU.ActiveCfg = Release|Any CPU
		{35C49104-8E4B-23D0-3D9B-9575B495DF75}.Release|Any CPU.Build.0 = Release|Any CPU
		{41C875B9-CB88-B2BB-BD59-96DA8E61C473}.Debug|Any CPU.ActiveCfg = Debug|Any CPU
		{41C875B9-CB88-B2BB-BD59-96DA8E61C473}.Debug|Any CPU.Build.0 = Debug|Any CPU
		{41C875B9-CB88-B2BB-BD59-96DA8E61C473}.Release|Any CPU.ActiveCfg = Release|Any CPU
		{41C875B9-CB88-B2BB-BD59-96DA8E61C473}.Release|Any CPU.Build.0 = Release|Any CPU
		{E809B5E9-9CAC-CB65-477D-2032599C671E}.Debug|Any CPU.ActiveCfg = Debug|Any CPU
		{E809B5E9-9CAC-CB65-477D-2032599C671E}.Debug|Any CPU.Build.0 = Debug|Any CPU
		{E809B5E9-9CAC-CB65-477D-2032599C671E}.Release|Any CPU.ActiveCfg = Release|Any CPU
		{E809B5E9-9CAC-CB65-477D-2032599C671E}.Release|Any CPU.Build.0 = Release|Any CPU
		{575ECF98-2035-F659-89FD-D9354F1CBD1B}.Debug|Any CPU.ActiveCfg = Debug|Any CPU
		{575ECF98-2035-F659-89FD-D9354F1CBD1B}.Debug|Any CPU.Build.0 = Debug|Any CPU
		{575ECF98-2035-F659-89FD-D9354F1CBD1B}.Release|Any CPU.ActiveCfg = Release|Any CPU
		{575ECF98-2035-F659-89FD-D9354F1CBD1B}.Release|Any CPU.Build.0 = Release|Any CPU
		{90DC13CC-ED45-241C-D56F-50CE8744CFF2}.Debug|Any CPU.ActiveCfg = Debug|Any CPU
		{90DC13CC-ED45-241C-D56F-50CE8744CFF2}.Debug|Any CPU.Build.0 = Debug|Any CPU
		{90DC13CC-ED45-241C-D56F-50CE8744CFF2}.Release|Any CPU.ActiveCfg = Release|Any CPU
		{90DC13CC-ED45-241C-D56F-50CE8744CFF2}.Release|Any CPU.Build.0 = Release|Any CPU
		{79C3FFA1-4804-EB10-6D50-09EF26421616}.Debug|Any CPU.ActiveCfg = Debug|Any CPU
		{79C3FFA1-4804-EB10-6D50-09EF26421616}.Debug|Any CPU.Build.0 = Debug|Any CPU
		{79C3FFA1-4804-EB10-6D50-09EF26421616}.Release|Any CPU.ActiveCfg = Release|Any CPU
		{79C3FFA1-4804-EB10-6D50-09EF26421616}.Release|Any CPU.Build.0 = Release|Any CPU
		{53E42400-CB60-3400-0F4E-74272D184C51}.Debug|Any CPU.ActiveCfg = Debug|Any CPU
		{53E42400-CB60-3400-0F4E-74272D184C51}.Debug|Any CPU.Build.0 = Debug|Any CPU
		{53E42400-CB60-3400-0F4E-74272D184C51}.Release|Any CPU.ActiveCfg = Release|Any CPU
		{53E42400-CB60-3400-0F4E-74272D184C51}.Release|Any CPU.Build.0 = Release|Any CPU
		{47BCC055-1E1B-6B53-A773-DE09B0AFC848}.Debug|Any CPU.ActiveCfg = Debug|Any CPU
		{47BCC055-1E1B-6B53-A773-DE09B0AFC848}.Debug|Any CPU.Build.0 = Debug|Any CPU
		{47BCC055-1E1B-6B53-A773-DE09B0AFC848}.Release|Any CPU.ActiveCfg = Release|Any CPU
		{47BCC055-1E1B-6B53-A773-DE09B0AFC848}.Release|Any CPU.Build.0 = Release|Any CPU
		{F4030251-E327-5D84-D72E-5BA792813771}.Debug|Any CPU.ActiveCfg = Debug|Any CPU
		{F4030251-E327-5D84-D72E-5BA792813771}.Debug|Any CPU.Build.0 = Debug|Any CPU
		{F4030251-E327-5D84-D72E-5BA792813771}.Release|Any CPU.ActiveCfg = Release|Any CPU
		{F4030251-E327-5D84-D72E-5BA792813771}.Release|Any CPU.Build.0 = Release|Any CPU
		{0587CFD8-ED50-80C4-2524-2B852BC1E686}.Debug|Any CPU.ActiveCfg = Debug|Any CPU
		{0587CFD8-ED50-80C4-2524-2B852BC1E686}.Debug|Any CPU.Build.0 = Debug|Any CPU
		{0587CFD8-ED50-80C4-2524-2B852BC1E686}.Release|Any CPU.ActiveCfg = Release|Any CPU
		{0587CFD8-ED50-80C4-2524-2B852BC1E686}.Release|Any CPU.Build.0 = Release|Any CPU
	EndGlobalSection
	GlobalSection(SolutionProperties) = preSolution
		HideSolutionNode = FALSE
	EndGlobalSection
EndGlobal
